
Microsoft Visual Studio Solution File, Format Version 12.00
# Visual Studio Version 17
VisualStudioVersion = 17.3.32825.248
MinimumVisualStudioVersion = 10.0.40219.1
Project("{8BC9CEB8-8B4A-11D0-8D11-00A0C91BC942}") = "Problem.001", "Problem.001\Problem.001.vcxproj", "{DBCF80D6-5BC8-469F-A8A5-90D179BE31AA}"
EndProject
Project("{8BC9CEB8-8B4A-11D0-8D11-00A0C91BC942}") = "Problem.002", "Problem.002\Problem.002.vcxproj", "{59998F4A-04EF-4A6F-9AEF-9004E8279244}"
EndProject
Project("{8BC9CEB8-8B4A-11D0-8D11-00A0C91BC942}") = "Problem.003", "Problem.003\Problem.003.vcxproj", "{DD062135-6687-49F0-9D23-A26E6EE04CC0}"
EndProject
Project("{8BC9CEB8-8B4A-11D0-8D11-00A0C91BC942}") = "Problem.004", "Problem.004\Problem.004.vcxproj", "{997625F6-80C5-4485-B883-F95128D968C4}"
EndProject
Global
	GlobalSection(SolutionConfigurationPlatforms) = preSolution
		Debug|x64 = Debug|x64
		Debug|x86 = Debug|x86
		Release|x64 = Release|x64
		Release|x86 = Release|x86
	EndGlobalSection
	GlobalSection(ProjectConfigurationPlatforms) = postSolution
		{DBCF80D6-5BC8-469F-A8A5-90D179BE31AA}.Debug|x64.ActiveCfg = Debug|x64
		{DBCF80D6-5BC8-469F-A8A5-90D179BE31AA}.Debug|x64.Build.0 = Debug|x64
		{DBCF80D6-5BC8-469F-A8A5-90D179BE31AA}.Debug|x86.ActiveCfg = Debug|Win32
		{DBCF80D6-5BC8-469F-A8A5-90D179BE31AA}.Debug|x86.Build.0 = Debug|Win32
		{DBCF80D6-5BC8-469F-A8A5-90D179BE31AA}.Release|x64.ActiveCfg = Release|x64
		{DBCF80D6-5BC8-469F-A8A5-90D179BE31AA}.Release|x64.Build.0 = Release|x64
		{DBCF80D6-5BC8-469F-A8A5-90D179BE31AA}.Release|x86.ActiveCfg = Release|Win32
		{DBCF80D6-5BC8-469F-A8A5-90D179BE31AA}.Release|x86.Build.0 = Release|Win32
		{59998F4A-04EF-4A6F-9AEF-9004E8279244}.Debug|x64.ActiveCfg = Debug|x64
		{59998F4A-04EF-4A6F-9AEF-9004E8279244}.Debug|x64.Build.0 = Debug|x64
		{59998F4A-04EF-4A6F-9AEF-9004E8279244}.Debug|x86.ActiveCfg = Debug|Win32
		{59998F4A-04EF-4A6F-9AEF-9004E8279244}.Debug|x86.Build.0 = Debug|Win32
		{59998F4A-04EF-4A6F-9AEF-9004E8279244}.Release|x64.ActiveCfg = Release|x64
		{59998F4A-04EF-4A6F-9AEF-9004E8279244}.Release|x64.Build.0 = Release|x64
		{59998F4A-04EF-4A6F-9AEF-9004E8279244}.Release|x86.ActiveCfg = Release|Win32
		{59998F4A-04EF-4A6F-9AEF-9004E8279244}.Release|x86.Build.0 = Release|Win32
		{DD062135-6687-49F0-9D23-A26E6EE04CC0}.Debug|x64.ActiveCfg = Debug|x64
		{DD062135-6687-49F0-9D23-A26E6EE04CC0}.Debug|x64.Build.0 = Debug|x64
		{DD062135-6687-49F0-9D23-A26E6EE04CC0}.Debug|x86.ActiveCfg = Debug|Win32
		{DD062135-6687-49F0-9D23-A26E6EE04CC0}.Debug|x86.Build.0 = Debug|Win32
		{DD062135-6687-49F0-9D23-A26E6EE04CC0}.Release|x64.ActiveCfg = Release|x64
		{DD062135-6687-49F0-9D23-A26E6EE04CC0}.Release|x64.Build.0 = Release|x64
		{DD062135-6687-49F0-9D23-A26E6EE04CC0}.Release|x86.ActiveCfg = Release|Win32
		{DD062135-6687-49F0-9D23-A26E6EE04CC0}.Release|x86.Build.0 = Release|Win32
		{997625F6-80C5-4485-B883-F95128D968C4}.Debug|x64.ActiveCfg = Debug|x64
		{997625F6-80C5-4485-B883-F95128D968C4}.Debug|x64.Build.0 = Debug|x64
		{997625F6-80C5-4485-B883-F95128D968C4}.Debug|x86.ActiveCfg = Debug|Win32
		{997625F6-80C5-4485-B883-F95128D968C4}.Debug|x86.Build.0 = Debug|Win32
		{997625F6-80C5-4485-B883-F95128D968C4}.Release|x64.ActiveCfg = Release|x64
		{997625F6-80C5-4485-B883-F95128D968C4}.Release|x64.Build.0 = Release|x64
		{997625F6-80C5-4485-B883-F95128D968C4}.Release|x86.ActiveCfg = Release|Win32
		{997625F6-80C5-4485-B883-F95128D968C4}.Release|x86.Build.0 = Release|Win32
	EndGlobalSection
	GlobalSection(SolutionProperties) = preSolution
		HideSolutionNode = FALSE
	EndGlobalSection
	GlobalSection(ExtensibilityGlobals) = postSolution
		SolutionGuid = {6645DA2E-A598-4B70-B14A-88366B8AFA40}
	EndGlobalSection
EndGlobal
